
Microsoft Visual Studio Solution File, Format Version 12.00
# Visual Studio 15
VisualStudioVersion = 15.0.28010.2003
MinimumVisualStudioVersion = 10.0.40219.1
Project("{FAE04EC0-301F-11D3-BF4B-00C04F79EFBC}") = "CodeJamSHAB2", "CodeJamSHAB2\CodeJamSHAB2.csproj", "{AE20C70A-123B-49F3-8A12-04D33CBF298A}"
EndProject
Project("{FAE04EC0-301F-11D3-BF4B-00C04F79EFBC}") = "UnitTestProject1", "UnitTestProject1\UnitTestProject1.csproj", "{06944784-16B8-414A-B3FE-0428D9E93DD9}"
EndProject
Global
	GlobalSection(SolutionConfigurationPlatforms) = preSolution
		Debug|Any CPU = Debug|Any CPU
		Release|Any CPU = Release|Any CPU
	EndGlobalSection
	GlobalSection(ProjectConfigurationPlatforms) = postSolution
		{AE20C70A-123B-49F3-8A12-04D33CBF298A}.Debug|Any CPU.ActiveCfg = Debug|Any CPU
		{AE20C70A-123B-49F3-8A12-04D33CBF298A}.Debug|Any CPU.Build.0 = Debug|Any CPU
		{AE20C70A-123B-49F3-8A12-04D33CBF298A}.Release|Any CPU.ActiveCfg = Release|Any CPU
		{AE20C70A-123B-49F3-8A12-04D33CBF298A}.Release|Any CPU.Build.0 = Release|Any CPU
		{06944784-16B8-414A-B3FE-0428D9E93DD9}.Debug|Any CPU.ActiveCfg = Debug|Any CPU
		{06944784-16B8-414A-B3FE-0428D9E93DD9}.Debug|Any CPU.Build.0 = Debug|Any CPU
		{06944784-16B8-414A-B3FE-0428D9E93DD9}.Release|Any CPU.ActiveCfg = Release|Any CPU
		{06944784-16B8-414A-B3FE-0428D9E93DD9}.Release|Any CPU.Build.0 = Release|Any CPU
	EndGlobalSection
	GlobalSection(SolutionProperties) = preSolution
		HideSolutionNode = FALSE
	EndGlobalSection
	GlobalSection(ExtensibilityGlobals) = postSolution
		SolutionGuid = {FC35BC18-BD7F-46A0-9A3E-776C54878DB3}
	EndGlobalSection
EndGlobal
